# This file is autogenerated, do not edit; changes may be undone by the next 'dep ensure'.


[[projects]]
  name = "github.com/aws/aws-lambda-go"
  packages = [
    "events",
    "lambda",
    "lambda/messages",
    "lambdacontext"
  ]
  revision = "4d30d0ff60440c2d0480a15747c96ee71c3c53d4"
  version = "v1.2.0"

[[projects]]
  name = "github.com/jmoney8080/go-gadget-slack"
  packages = ["."]
  revision = "f31bfa718af222f7ac000b833d393310f8a4ab9a"
  version = "v0.1.0"

[solve-meta]
  analyzer-name = "dep"
  analyzer-version = 1
  inputs-digest = "46f569f4b65ba6a13c31e8147b014712c6eaff9d4c5de4e04826138773e194d7"
  solver-name = "gps-cdcl"
  solver-version = 1
